
Microsoft Visual Studio Solution File, Format Version 12.00
# Visual Studio Version 17
VisualStudioVersion = 17.0.31521.260
MinimumVisualStudioVersion = 10.0.40219.1
Project("{FAE04EC0-301F-11D3-BF4B-00C04F79EFBC}") = "BetterLiveScreen", "BetterLiveScreen.csproj", "{C7E65E64-AE4C-4598-9033-9348083D5472}"
EndProject
Project("{FAE04EC0-301F-11D3-BF4B-00C04F79EFBC}") = "BetterLiveScreenServer", "BetterLiveScreenServer\BetterLiveScreenServer.csproj", "{0C125363-28BA-49C2-80CD-ED977D3D5367}"
EndProject
Project("{FAE04EC0-301F-11D3-BF4B-00C04F79EFBC}") = "BetterLiveScreenInterface", "BetterLiveScreenInterface\BetterLiveScreenInterface.csproj", "{70E0B235-CF65-4C23-A17B-C719F375F487}"
EndProject
Global
	GlobalSection(SolutionConfigurationPlatforms) = preSolution
		Debug|Any CPU = Debug|Any CPU
		Release|Any CPU = Release|Any CPU
	EndGlobalSection
	GlobalSection(ProjectConfigurationPlatforms) = postSolution
		{C7E65E64-AE4C-4598-9033-9348083D5472}.Debug|Any CPU.ActiveCfg = Debug|Any CPU
		{C7E65E64-AE4C-4598-9033-9348083D5472}.Debug|Any CPU.Build.0 = Debug|Any CPU
		{C7E65E64-AE4C-4598-9033-9348083D5472}.Release|Any CPU.ActiveCfg = Release|Any CPU
		{C7E65E64-AE4C-4598-9033-9348083D5472}.Release|Any CPU.Build.0 = Release|Any CPU
		{0C125363-28BA-49C2-80CD-ED977D3D5367}.Debug|Any CPU.ActiveCfg = Debug|Any CPU
		{0C125363-28BA-49C2-80CD-ED977D3D5367}.Debug|Any CPU.Build.0 = Debug|Any CPU
		{0C125363-28BA-49C2-80CD-ED977D3D5367}.Release|Any CPU.ActiveCfg = Release|Any CPU
		{0C125363-28BA-49C2-80CD-ED977D3D5367}.Release|Any CPU.Build.0 = Release|Any CPU
		{70E0B235-CF65-4C23-A17B-C719F375F487}.Debug|Any CPU.ActiveCfg = Debug|Any CPU
		{70E0B235-CF65-4C23-A17B-C719F375F487}.Debug|Any CPU.Build.0 = Debug|Any CPU
		{70E0B235-CF65-4C23-A17B-C719F375F487}.Release|Any CPU.ActiveCfg = Release|Any CPU
		{70E0B235-CF65-4C23-A17B-C719F375F487}.Release|Any CPU.Build.0 = Release|Any CPU
	EndGlobalSection
	GlobalSection(SolutionProperties) = preSolution
		HideSolutionNode = FALSE
	EndGlobalSection
	GlobalSection(ExtensibilityGlobals) = postSolution
		SolutionGuid = {290E2FD4-4F94-46F6-8411-CD6A13C68E75}
	EndGlobalSection
EndGlobal
